
Microsoft Visual Studio Solution File, Format Version 12.00
Project("{FAE04EC0-301F-11D3-BF4B-00C04F79EFBC}") = "UserManagementApi", "UserManagementApi\UserManagementApi.csproj", "{F54905C7-9B39-4195-BE02-3B0D578E716F}"
EndProject
Global
	GlobalSection(SolutionConfigurationPlatforms) = preSolution
		Debug|Any CPU = Debug|Any CPU
		Release|Any CPU = Release|Any CPU
	EndGlobalSection
	GlobalSection(ProjectConfigurationPlatforms) = postSolution
		{F54905C7-9B39-4195-BE02-3B0D578E716F}.Debug|Any CPU.ActiveCfg = Debug|Any CPU
		{F54905C7-9B39-4195-BE02-3B0D578E716F}.Debug|Any CPU.Build.0 = Debug|Any CPU
		{F54905C7-9B39-4195-BE02-3B0D578E716F}.Release|Any CPU.ActiveCfg = Release|Any CPU
		{F54905C7-9B39-4195-BE02-3B0D578E716F}.Release|Any CPU.Build.0 = Release|Any CPU
	EndGlobalSection
EndGlobal
